// !$*UTF8*$!
{
	archiveVersion = 1;
	classes = {
	};
	objectVersion = 46;
	objects = {

/* Begin PBXBuildFile section */
		13100E7D83B3CDE4A557B443 /* WidgetGlowIce.png in Resources */ = {isa = PBXBuildFile; fileRef = 6CEF9BBA7EFC0C8ACB0A4136 /* WidgetGlowIce.png */; };
		180666E0CC8B3FCCDBA3EF26 /* WidgetGlowSun.png in Resources */ = {isa = PBXBuildFile; fileRef = CF99BC92301F23097DD2C004 /* WidgetGlowSun.png */; };
		78821F640B1EFF23AF37A27E /* WidgetGlowCloud.png in Resources */ = {isa = PBXBuildFile; fileRef = 0DB905DBC3235316CDE17852 /* WidgetGlowCloud.png */; };
		7AE3B25CEDC48BF05252B516 /* WidgetGlowRain.png in Resources */ = {isa = PBXBuildFile; fileRef = 714A29904F40FE117741B531 /* WidgetGlowRain.png */; };
		85603B84B717C1AA31D868D9 /* SoramoyoWidget.swift in Sources */ = {isa = PBXBuildFile; fileRef = 584F8AF8688DA336CADAFC26 /* SoramoyoWidget.swift */; };
		CC47CEE737C9D253C95F30FB /* Cocoa.framework in Frameworks */ = {isa = PBXBuildFile; fileRef = C7F112053737D083E6F3C465 /* Cocoa.framework */; };
/* End PBXBuildFile section */

/* Begin PBXFileReference section */
		0DB905DBC3235316CDE17852 /* WidgetGlowCloud.png */ = {isa = PBXFileReference; includeInIndex = 1; lastKnownFileType = image.png; path = WidgetGlowCloud.png; sourceTree = "<group>"; };
		2ECE06870986BDC5C3F33666 /* SoramoyoWidgets.entitlements */ = {isa = PBXFileReference; includeInIndex = 1; lastKnownFileType = text.plist.entitlements; path = SoramoyoWidgets.entitlements; sourceTree = "<group>"; };
		312A64E67624F4A42E5987BC /* SoramoyoWidgets.appex */ = {isa = PBXFileReference; explicitFileType = "wrapper.app-extension"; includeInIndex = 0; path = SoramoyoWidgets.appex; sourceTree = BUILT_PRODUCTS_DIR; };
		584F8AF8688DA336CADAFC26 /* SoramoyoWidget.swift */ = {isa = PBXFileReference; includeInIndex = 1; lastKnownFileType = sourcecode.swift; path = SoramoyoWidget.swift; sourceTree = "<group>"; };
		6CEF9BBA7EFC0C8ACB0A4136 /* WidgetGlowIce.png */ = {isa = PBXFileReference; includeInIndex = 1; lastKnownFileType = image.png; path = WidgetGlowIce.png; sourceTree = "<group>"; };
		714A29904F40FE117741B531 /* WidgetGlowRain.png */ = {isa = PBXFileReference; includeInIndex = 1; lastKnownFileType = image.png; path = WidgetGlowRain.png; sourceTree = "<group>"; };
		AB4501FB57491B0571AAFEBB /* Info.plist */ = {isa = PBXFileReference; includeInIndex = 1; lastKnownFileType = text.plist.xml; path = Info.plist; sourceTree = "<group>"; };
		C7F112053737D083E6F3C465 /* Cocoa.framework */ = {isa = PBXFileReference; lastKnownFileType = wrapper.framework; name = Cocoa.framework; path = Platforms/MacOSX.platform/Developer/SDKs/MacOSX15.0.sdk/System/Library/Frameworks/Cocoa.framework; sourceTree = DEVELOPER_DIR; };
		CF99BC92301F23097DD2C004 /* WidgetGlowSun.png */ = {isa = PBXFileReference; includeInIndex = 1; lastKnownFileType = image.png; path = WidgetGlowSun.png; sourceTree = "<group>"; };
/* End PBXFileReference section */

/* Begin PBXFrameworksBuildPhase section */
		6537C85DC87164A69DD288F1 /* Frameworks */ = {
			isa = PBXFrameworksBuildPhase;
			buildActionMask = 2147483647;
			files = (
				CC47CEE737C9D253C95F30FB /* Cocoa.framework in Frameworks */,
			);
			runOnlyForDeploymentPostprocessing = 0;
		};
/* End PBXFrameworksBuildPhase section */

/* Begin PBXGroup section */
		6093B5314EB84C28D2271510 /* Products */ = {
			isa = PBXGroup;
			children = (
				312A64E67624F4A42E5987BC /* SoramoyoWidgets.appex */,
			);
			name = Products;
			sourceTree = "<group>";
		};
		6857149CE71911DAB92E7414 /* OS X */ = {
			isa = PBXGroup;
			children = (
				C7F112053737D083E6F3C465 /* Cocoa.framework */,
			);
			name = "OS X";
			sourceTree = "<group>";
		};
		92C91E7726F694B5191A5681 /* Widget */ = {
			isa = PBXGroup;
			children = (
				584F8AF8688DA336CADAFC26 /* SoramoyoWidget.swift */,
				AB4501FB57491B0571AAFEBB /* Info.plist */,
				2ECE06870986BDC5C3F33666 /* SoramoyoWidgets.entitlements */,
				0DB905DBC3235316CDE17852 /* WidgetGlowCloud.png */,
				714A29904F40FE117741B531 /* WidgetGlowRain.png */,
				CF99BC92301F23097DD2C004 /* WidgetGlowSun.png */,
				6CEF9BBA7EFC0C8ACB0A4136 /* WidgetGlowIce.png */,
			);
			name = Widget;
			path = Widget;
			sourceTree = "<group>";
		};
		C531119A71BF3D88A9A3ECBE = {
			isa = PBXGroup;
			children = (
				6093B5314EB84C28D2271510 /* Products */,
				C69D70FD312081C452360B82 /* Frameworks */,
				92C91E7726F694B5191A5681 /* Widget */,
			);
			sourceTree = "<group>";
		};
		C69D70FD312081C452360B82 /* Frameworks */ = {
			isa = PBXGroup;
			children = (
				6857149CE71911DAB92E7414 /* OS X */,
			);
			name = Frameworks;
			sourceTree = "<group>";
		};
/* End PBXGroup section */

/* Begin PBXNativeTarget section */
		F1A5C7E2E8683658BEE88D12 /* SoramoyoWidgets */ = {
			isa = PBXNativeTarget;
			buildConfigurationList = 86E5766FFFA916FAE1196099 /* Build configuration list for PBXNativeTarget "SoramoyoWidgets" */;
			buildPhases = (
				48A4A81FD417AA1ED4929166 /* Sources */,
				6537C85DC87164A69DD288F1 /* Frameworks */,
				1212F3A5C6AB48D5BF667D5A /* Resources */,
			);
			buildRules = (
			);
			dependencies = (
			);
			name = SoramoyoWidgets;
			productName = SoramoyoWidgets;
			productReference = 312A64E67624F4A42E5987BC /* SoramoyoWidgets.appex */;
			productType = "com.apple.product-type.app-extension";
		};
/* End PBXNativeTarget section */

/* Begin PBXProject section */
		0B290B02878A03EC786F2F58 /* Project object */ = {
			isa = PBXProject;
			attributes = {
				LastSwiftUpdateCheck = 2630;
				LastUpgradeCheck = 2630;
			};
			buildConfigurationList = 265646803B7EBA390C75F400 /* Build configuration list for PBXProject "SoramoyoWidgets" */;
			compatibilityVersion = "Xcode 3.2";
			developmentRegion = en;
			hasScannedForEncodings = 0;
			knownRegions = (
				en,
				Base,
			);
			mainGroup = C531119A71BF3D88A9A3ECBE;
			minimizedProjectReferenceProxies = 0;
			preferredProjectObjectVersion = 77;
			productRefGroup = 6093B5314EB84C28D2271510 /* Products */;
			projectDirPath = "";
			projectRoot = "";
			targets = (
				F1A5C7E2E8683658BEE88D12 /* SoramoyoWidgets */,
			);
		};
/* End PBXProject section */

/* Begin PBXResourcesBuildPhase section */
		1212F3A5C6AB48D5BF667D5A /* Resources */ = {
			isa = PBXResourcesBuildPhase;
			buildActionMask = 2147483647;
			files = (
				78821F640B1EFF23AF37A27E /* WidgetGlowCloud.png in Resources */,
				7AE3B25CEDC48BF05252B516 /* WidgetGlowRain.png in Resources */,
				180666E0CC8B3FCCDBA3EF26 /* WidgetGlowSun.png in Resources */,
				13100E7D83B3CDE4A557B443 /* WidgetGlowIce.png in Resources */,
			);
			runOnlyForDeploymentPostprocessing = 0;
		};
/* End PBXResourcesBuildPhase section */

/* Begin PBXSourcesBuildPhase section */
		48A4A81FD417AA1ED4929166 /* Sources */ = {
			isa = PBXSourcesBuildPhase;
			buildActionMask = 2147483647;
			files = (
				85603B84B717C1AA31D868D9 /* SoramoyoWidget.swift in Sources */,
			);
			runOnlyForDeploymentPostprocessing = 0;
		};
/* End PBXSourcesBuildPhase section */

/* Begin XCBuildConfiguration section */
		0996FA44E2F910E05F218A37 /* Debug */ = {
			isa = XCBuildConfiguration;
			buildSettings = {
				ALWAYS_SEARCH_USER_PATHS = NO;
				CLANG_ANALYZER_NONNULL = YES;
				CLANG_ANALYZER_NUMBER_OBJECT_CONVERSION = YES_AGGRESSIVE;
				CLANG_CXX_LANGUAGE_STANDARD = "gnu++14";
				CLANG_CXX_LIBRARY = "libc++";
				CLANG_ENABLE_MODULES = YES;
				CLANG_ENABLE_OBJC_ARC = YES;
				CLANG_ENABLE_OBJC_WEAK = YES;
				CLANG_WARN_BLOCK_CAPTURE_AUTORELEASING = YES;
				CLANG_WARN_BOOL_CONVERSION = YES;
				CLANG_WARN_COMMA = YES;
				CLANG_WARN_CONSTANT_CONVERSION = YES;
				CLANG_WARN_DEPRECATED_OBJC_IMPLEMENTATIONS = YES;
				CLANG_WARN_DIRECT_OBJC_ISA_USAGE = YES_ERROR;
				CLANG_WARN_DOCUMENTATION_COMMENTS = YES;
				CLANG_WARN_EMPTY_BODY = YES;
				CLANG_WARN_ENUM_CONVERSION = YES;
				CLANG_WARN_INFINITE_RECURSION = YES;
				CLANG_WARN_INT_CONVERSION = YES;
				CLANG_WARN_NON_LITERAL_NULL_CONVERSION = YES;
				CLANG_WARN_OBJC_IMPLICIT_RETAIN_SELF = YES;
				CLANG_WARN_OBJC_LITERAL_CONVERSION = YES;
				CLANG_WARN_OBJC_ROOT_CLASS = YES_ERROR;
				CLANG_WARN_QUOTED_INCLUDE_IN_FRAMEWORK_HEADER = YES;
				CLANG_WARN_RANGE_LOOP_ANALYSIS = YES;
				CLANG_WARN_STRICT_PROTOTYPES = YES;
				CLANG_WARN_SUSPICIOUS_MOVE = YES;
				CLANG_WARN_UNGUARDED_AVAILABILITY = YES_AGGRESSIVE;
				CLANG_WARN_UNREACHABLE_CODE = YES;
				CLANG_WARN__DUPLICATE_METHOD_MATCH = YES;
				COPY_PHASE_STRIP = NO;
				DEBUG_INFORMATION_FORMAT = dwarf;
				ENABLE_STRICT_OBJC_MSGSEND = YES;
				ENABLE_TESTABILITY = YES;
				GCC_C_LANGUAGE_STANDARD = gnu11;
				GCC_DYNAMIC_NO_PIC = NO;
				GCC_NO_COMMON_BLOCKS = YES;
				GCC_OPTIMIZATION_LEVEL = 0;
				GCC_PREPROCESSOR_DEFINITIONS = (
					"DEBUG=1",
					"$(inherited)",
				);
				GCC_WARN_64_TO_32_BIT_CONVERSION = YES;
				GCC_WARN_ABOUT_RETURN_TYPE = YES_ERROR;
				GCC_WARN_UNDECLARED_SELECTOR = YES;
				GCC_WARN_UNINITIALIZED_AUTOS = YES_AGGRESSIVE;
				GCC_WARN_UNUSED_FUNCTION = YES;
				GCC_WARN_UNUSED_VARIABLE = YES;
				MTL_ENABLE_DEBUG_INFO = INCLUDE_SOURCE;
				MTL_FAST_MATH = YES;
				ONLY_ACTIVE_ARCH = YES;
				PRODUCT_NAME = "$(TARGET_NAME)";
				SWIFT_ACTIVE_COMPILATION_CONDITIONS = DEBUG;
				SWIFT_OPTIMIZATION_LEVEL = "-Onone";
				SWIFT_VERSION = 5.0;
			};
			name = Debug;
		};
		6E650B22C7C5111BC28E3D43 /* Release */ = {
			isa = XCBuildConfiguration;
			buildSettings = {
				ALWAYS_SEARCH_USER_PATHS = NO;
				CLANG_ANALYZER_NONNULL = YES;
				CLANG_ANALYZER_NUMBER_OBJECT_CONVERSION = YES_AGGRESSIVE;
				CLANG_CXX_LANGUAGE_STANDARD = "gnu++14";
				CLANG_CXX_LIBRARY = "libc++";
				CLANG_ENABLE_MODULES = YES;
				CLANG_ENABLE_OBJC_ARC = YES;
				CLANG_ENABLE_OBJC_WEAK = YES;
				CLANG_WARN_BLOCK_CAPTURE_AUTORELEASING = YES;
				CLANG_WARN_BOOL_CONVERSION = YES;
				CLANG_WARN_COMMA = YES;
				CLANG_WARN_CONSTANT_CONVERSION = YES;
				CLANG_WARN_DEPRECATED_OBJC_IMPLEMENTATIONS = YES;
				CLANG_WARN_DIRECT_OBJC_ISA_USAGE = YES_ERROR;
				CLANG_WARN_DOCUMENTATION_COMMENTS = YES;
				CLANG_WARN_EMPTY_BODY = YES;
				CLANG_WARN_ENUM_CONVERSION = YES;
				CLANG_WARN_INFINITE_RECURSION = YES;
				CLANG_WARN_INT_CONVERSION = YES;
				CLANG_WARN_NON_LITERAL_NULL_CONVERSION = YES;
				CLANG_WARN_OBJC_IMPLICIT_RETAIN_SELF = YES;
				CLANG_WARN_OBJC_LITERAL_CONVERSION = YES;
				CLANG_WARN_OBJC_ROOT_CLASS = YES_ERROR;
				CLANG_WARN_QUOTED_INCLUDE_IN_FRAMEWORK_HEADER = YES;
				CLANG_WARN_RANGE_LOOP_ANALYSIS = YES;
				CLANG_WARN_STRICT_PROTOTYPES = YES;
				CLANG_WARN_SUSPICIOUS_MOVE = YES;
				CLANG_WARN_UNGUARDED_AVAILABILITY = YES_AGGRESSIVE;
				CLANG_WARN_UNREACHABLE_CODE = YES;
				CLANG_WARN__DUPLICATE_METHOD_MATCH = YES;
				COPY_PHASE_STRIP = NO;
				DEBUG_INFORMATION_FORMAT = "dwarf-with-dsym";
				ENABLE_NS_ASSERTIONS = NO;
				ENABLE_STRICT_OBJC_MSGSEND = YES;
				GCC_C_LANGUAGE_STANDARD = gnu11;
				GCC_NO_COMMON_BLOCKS = YES;
				GCC_WARN_64_TO_32_BIT_CONVERSION = YES;
				GCC_WARN_ABOUT_RETURN_TYPE = YES_ERROR;
				GCC_WARN_UNDECLARED_SELECTOR = YES;
				GCC_WARN_UNINITIALIZED_AUTOS = YES_AGGRESSIVE;
				GCC_WARN_UNUSED_FUNCTION = YES;
				GCC_WARN_UNUSED_VARIABLE = YES;
				MTL_ENABLE_DEBUG_INFO = NO;
				MTL_FAST_MATH = YES;
				PRODUCT_NAME = "$(TARGET_NAME)";
				SWIFT_COMPILATION_MODE = wholemodule;
				SWIFT_OPTIMIZATION_LEVEL = "-O";
				SWIFT_VERSION = 5.0;
			};
			name = Release;
		};
		8B297C23486277CFC27B1234 /* Debug */ = {
			isa = XCBuildConfiguration;
			buildSettings = {
				APPLICATION_EXTENSION_API_ONLY = YES;
				CODE_SIGN_ENTITLEMENTS = Widget/SoramoyoWidgets.entitlements;
				CODE_SIGN_STYLE = Automatic;
				CURRENT_PROJECT_VERSION = 1;
				DEVELOPMENT_TEAM = FVGT53TKRS;
				ENABLE_HARDENED_RUNTIME = YES;
				GENERATE_INFOPLIST_FILE = NO;
				INFOPLIST_FILE = Widget/Info.plist;
				MACOSX_DEPLOYMENT_TARGET = 14.0;
				MARKETING_VERSION = 1.0;
				PRODUCT_BUNDLE_IDENTIFIER = local.soramoyo.weather.widget;
				PRODUCT_NAME = SoramoyoWidgets;
				SDKROOT = macosx;
				SKIP_INSTALL = YES;
				SWIFT_VERSION = 5.0;
			};
			name = Debug;
		};
		F9759B914A95D4E0F17E4EAB /* Release */ = {
			isa = XCBuildConfiguration;
			buildSettings = {
				APPLICATION_EXTENSION_API_ONLY = YES;
				CODE_SIGN_ENTITLEMENTS = Widget/SoramoyoWidgets.entitlements;
				CODE_SIGN_STYLE = Automatic;
				CURRENT_PROJECT_VERSION = 1;
				DEVELOPMENT_TEAM = FVGT53TKRS;
				ENABLE_HARDENED_RUNTIME = YES;
				GENERATE_INFOPLIST_FILE = NO;
				INFOPLIST_FILE = Widget/Info.plist;
				MACOSX_DEPLOYMENT_TARGET = 14.0;
				MARKETING_VERSION = 1.0;
				PRODUCT_BUNDLE_IDENTIFIER = local.soramoyo.weather.widget;
				PRODUCT_NAME = SoramoyoWidgets;
				SDKROOT = macosx;
				SKIP_INSTALL = YES;
				SWIFT_VERSION = 5.0;
			};
			name = Release;
		};
/* End XCBuildConfiguration section */

/* Begin XCConfigurationList section */
		265646803B7EBA390C75F400 /* Build configuration list for PBXProject "SoramoyoWidgets" */ = {
			isa = XCConfigurationList;
			buildConfigurations = (
				0996FA44E2F910E05F218A37 /* Debug */,
				6E650B22C7C5111BC28E3D43 /* Release */,
			);
			defaultConfigurationIsVisible = 0;
			defaultConfigurationName = Release;
		};
		86E5766FFFA916FAE1196099 /* Build configuration list for PBXNativeTarget "SoramoyoWidgets" */ = {
			isa = XCConfigurationList;
			buildConfigurations = (
				F9759B914A95D4E0F17E4EAB /* Release */,
				8B297C23486277CFC27B1234 /* Debug */,
			);
			defaultConfigurationIsVisible = 0;
			defaultConfigurationName = Release;
		};
/* End XCConfigurationList section */
	};
	rootObject = 0B290B02878A03EC786F2F58 /* Project object */;
}
